<?xml version="1.0" encoding="utf-8"?>
<Project ToolsVersion="4.0" xmlns="http://schemas.microsoft.com/developer/msbuild/2003">
  <ItemGroup>
    <Filter Include="Header Files">
      <UniqueIdentifier>{50af06ae-3247-466a-b1ff-7bcd2b9beada}</UniqueIdentifier>
    </Filter>
    <Filter Include="Source Files">
      <UniqueIdentifier>{c9105ea9-a5f3-46cf-a549-141f07bae333}</UniqueIdentifier>
    </Filter>
  </ItemGroup>
  <ItemGroup>
    <ClInclude Include="..\include\fins.h">
      <Filter>Header Files</Filter>
    </ClInclude>
  </ItemGroup>
  <ItemGroup>
    <ClCompile Include="..\src\fins_0c_01.c">
      <Filter>Source Files</Filter>
    </ClCompile>
    <ClCompile Include="..\src\fins_0c_02.c">
      <Filter>Source Files</Filter>
    </ClCompile>
    <ClCompile Include="..\src\fins_0c_03.c">
      <Filter>Source Files</Filter>
    </ClCompile>
    <ClCompile Include="..\src\fins_01_01.c">
      <Filter>Source Files</Filter>
    </ClCompile>
    <ClCompile Include="..\src\fins_01_01_bcd16.c">
      <Filter>Source Files</Filter>
    </ClCompile>
    <ClCompile Include="..\src\fins_01_01_bcd32.c">
      <Filter>Source Files</Filter>
    </ClCompile>
    <ClCompile Include="..\src\fins_01_01_bit.c">
      <Filter>Source Files</Filter>
    </ClCompile>
    <ClCompile Include="..\src\fins_01_01_int16.c">
      <Filter>Source Files</Filter>
    </ClCompile>
    <ClCompile Include="..\src\fins_01_01_int32.c">
      <Filter>Source Files</Filter>
    </ClCompile>
    <ClCompile Include="..\src\fins_01_02.c">
      <Filter>Source Files</Filter>
    </ClCompile>
    <ClCompile Include="..\src\fins_01_02_bcd16.c">
      <Filter>Source Files</Filter>
    </ClCompile>
    <ClCompile Include="..\src\fins_01_02_bcd32.c">
      <Filter>Source Files</Filter>
    </ClCompile>
    <ClCompile Include="..\src\fins_01_02_bit.c">
      <Filter>Source Files</Filter>
    </ClCompile>
    <ClCompile Include="..\src\fins_01_02_int16.c">
      <Filter>Source Files</Filter>
    </ClCompile>
    <ClCompile Include="..\src\fins_01_02_int32.c">
      <Filter>Source Files</Filter>
    </ClCompile>
    <ClCompile Include="..\src\fins_01_03.c">
      <Filter>Source Files</Filter>
    </ClCompile>
    <ClCompile Include="..\src\fins_01_04.c">
      <Filter>Source Files</Filter>
    </ClCompile>
    <ClCompile Include="..\src\fins_01_05.c">
      <Filter>Source Files</Filter>
    </ClCompile>
    <ClCompile Include="..\src\fins_02_01.c">
      <Filter>Source Files</Filter>
    </ClCompile>
    <ClCompile Include="..\src\fins_02_02.c">
      <Filter>Source Files</Filter>
    </ClCompile>
    <ClCompile Include="..\src\fins_02_03.c">
      <Filter>Source Files</Filter>
    </ClCompile>
    <ClCompile Include="..\src\fins_03_06.c">
      <Filter>Source Files</Filter>
    </ClCompile>
    <ClCompile Include="..\src\fins_03_07.c">
      <Filter>Source Files</Filter>
    </ClCompile>
    <ClCompile Include="..\src\fins_03_08.c">
      <Filter>Source Files</Filter>
    </ClCompile>
    <ClCompile Include="..\src\fins_04_01.c">
      <Filter>Source Files</Filter>
    </ClCompile>
    <ClCompile Include="..\src\fins_04_02.c">
      <Filter>Source Files</Filter>
    </ClCompile>
    <ClCompile Include="..\src\fins_04_03.c">
      <Filter>Source Files</Filter>
    </ClCompile>
    <ClCompile Include="..\src\fins_05_01.c">
      <Filter>Source Files</Filter>
    </ClCompile>
    <ClCompile Include="..\src\fins_05_02.c">
      <Filter>Source Files</Filter>
    </ClCompile>
    <ClCompile Include="..\src\fins_06_01.c">
      <Filter>Source Files</Filter>
    </ClCompile>
    <ClCompile Include="..\src\fins_06_20_init.c">
      <Filter>Source Files</Filter>
    </ClCompile>
    <ClCompile Include="..\src\fins_06_20_read.c">
      <Filter>Source Files</Filter>
    </ClCompile>
    <ClCompile Include="..\src\fins_07_01.c">
      <Filter>Source Files</Filter>
    </ClCompile>
    <ClCompile Include="..\src\fins_07_02.c">
      <Filter>Source Files</Filter>
    </ClCompile>
    <ClCompile Include="..\src\fins_09_20_clear.c">
      <Filter>Source Files</Filter>
    </ClCompile>
    <ClCompile Include="..\src\fins_09_20_fal.c">
      <Filter>Source Files</Filter>
    </ClCompile>
    <ClCompile Include="..\src\fins_09_20_read.c">
      <Filter>Source Files</Filter>
    </ClCompile>
    <ClCompile Include="..\src\fins_21_01.c">
      <Filter>Source Files</Filter>
    </ClCompile>
    <ClCompile Include="..\src\fins_21_02.c">
      <Filter>Source Files</Filter>
    </ClCompile>
    <ClCompile Include="..\src\fins_21_03.c">
      <Filter>Source Files</Filter>
    </ClCompile>
    <ClCompile Include="..\src\fins_21_40.c">
      <Filter>Source Files</Filter>
    </ClCompile>
    <ClCompile Include="..\src\fins_21_41.c">
      <Filter>Source Files</Filter>
    </ClCompile>
    <ClCompile Include="..\src\fins_22_0a.c">
      <Filter>Source Files</Filter>
    </ClCompile>
    <ClCompile Include="..\src\fins_22_0b.c">
      <Filter>Source Files</Filter>
    </ClCompile>
    <ClCompile Include="..\src\fins_22_0c.c">
      <Filter>Source Files</Filter>
    </ClCompile>
    <ClCompile Include="..\src\fins_22_01.c">
      <Filter>Source Files</Filter>
    </ClCompile>
    <ClCompile Include="..\src\fins_22_02.c">
      <Filter>Source Files</Filter>
    </ClCompile>
    <ClCompile Include="..\src\fins_22_03.c">
      <Filter>Source Files</Filter>
    </ClCompile>
    <ClCompile Include="..\src\fins_22_04.c">
      <Filter>Source Files</Filter>
    </ClCompile>
    <ClCompile Include="..\src\fins_22_05.c">
      <Filter>Source Files</Filter>
    </ClCompile>
    <ClCompile Include="..\src\fins_22_07.c">
      <Filter>Source Files</Filter>
    </ClCompile>
    <ClCompile Include="..\src\fins_22_08.c">
      <Filter>Source Files</Filter>
    </ClCompile>
    <ClCompile Include="..\src\fins_22_15.c">
      <Filter>Source Files</Filter>
    </ClCompile>
    <ClCompile Include="..\src\fins_23_01.c">
      <Filter>Source Files</Filter>
    </ClCompile>
    <ClCompile Include="..\src\fins_23_02.c">
      <Filter>Source Files</Filter>
    </ClCompile>
    <ClCompile Include="..\src\fins_26_01.c">
      <Filter>Source Files</Filter>
    </ClCompile>
    <ClCompile Include="..\src\fins_26_02.c">
      <Filter>Source Files</Filter>
    </ClCompile>
    <ClCompile Include="..\src\fins_26_03.c">
      <Filter>Source Files</Filter>
    </ClCompile>
    <ClCompile Include="..\src\fins_decode.c">
      <Filter>Source Files</Filter>
    </ClCompile>
    <ClCompile Include="..\src\fins_error.c">
      <Filter>Source Files</Filter>
    </ClCompile>
    <ClCompile Include="..\src\fins_init.c">
      <Filter>Source Files</Filter>
    </ClCompile>
    <ClCompile Include="..\src\fins_io.c">
      <Filter>Source Files</Filter>
    </ClCompile>
    <ClCompile Include="..\src\fins_model_list.c">
      <Filter>Source Files</Filter>
    </ClCompile>
    <ClCompile Include="..\src\fins_raw.c">
      <Filter>Source Files</Filter>
    </ClCompile>
    <ClCompile Include="..\src\fins_search.c">
      <Filter>Source Files</Filter>
    </ClCompile>
    <ClCompile Include="..\src\fins_utils.c">
      <Filter>Source Files</Filter>
    </ClCompile>
  </ItemGroup>
</Project>