
Microsoft Visual Studio Solution File, Format Version 12.00
# Visual Studio Version 17
VisualStudioVersion = 17.3.32929.385
MinimumVisualStudioVersion = 10.0.40219.1
Project("{8BC9CEB8-8B4A-11D0-8D11-00A0C91BC942}") = "android", "android.vcxproj", "{5FA0FBB2-8E09-4ECB-A4D2-4B47E574428E}"
EndProject
Global
	GlobalSection(SolutionConfigurationPlatforms) = preSolution
		Debug|ARM = Debug|ARM
		Debug|ARM64 = Debug|ARM64
		Debug|x64 = Debug|x64
		Debug|x86 = Debug|x86
		Release|ARM = Release|ARM
		Release|ARM64 = Release|ARM64
		Release|x64 = Release|x64
		Release|x86 = Release|x86
	EndGlobalSection
	GlobalSection(ProjectConfigurationPlatforms) = postSolution
		{5FA0FBB2-8E09-4ECB-A4D2-4B47E574428E}.Debug|ARM.ActiveCfg = Debug|ARM
		{5FA0FBB2-8E09-4ECB-A4D2-4B47E574428E}.Debug|ARM.Build.0 = Debug|ARM
		{5FA0FBB2-8E09-4ECB-A4D2-4B47E574428E}.Debug|ARM64.ActiveCfg = Debug|ARM64
		{5FA0FBB2-8E09-4ECB-A4D2-4B47E574428E}.Debug|ARM64.Build.0 = Debug|ARM64
		{5FA0FBB2-8E09-4ECB-A4D2-4B47E574428E}.Debug|x64.ActiveCfg = Debug|x64
		{5FA0FBB2-8E09-4ECB-A4D2-4B47E574428E}.Debug|x64.Build.0 = Debug|x64
		{5FA0FBB2-8E09-4ECB-A4D2-4B47E574428E}.Debug|x86.ActiveCfg = Debug|x86
		{5FA0FBB2-8E09-4ECB-A4D2-4B47E574428E}.Debug|x86.Build.0 = Debug|x86
		{5FA0FBB2-8E09-4ECB-A4D2-4B47E574428E}.Release|ARM.ActiveCfg = Release|ARM
		{5FA0FBB2-8E09-4ECB-A4D2-4B47E574428E}.Release|ARM.Build.0 = Release|ARM
		{5FA0FBB2-8E09-4ECB-A4D2-4B47E574428E}.Release|ARM64.ActiveCfg = Release|ARM64
		{5FA0FBB2-8E09-4ECB-A4D2-4B47E574428E}.Release|ARM64.Build.0 = Release|ARM64
		{5FA0FBB2-8E09-4ECB-A4D2-4B47E574428E}.Release|x64.ActiveCfg = Release|x64
		{5FA0FBB2-8E09-4ECB-A4D2-4B47E574428E}.Release|x64.Build.0 = Release|x64
		{5FA0FBB2-8E09-4ECB-A4D2-4B47E574428E}.Release|x86.ActiveCfg = Release|x86
		{5FA0FBB2-8E09-4ECB-A4D2-4B47E574428E}.Release|x86.Build.0 = Release|x86
	EndGlobalSection
	GlobalSection(SolutionProperties) = preSolution
		HideSolutionNode = FALSE
	EndGlobalSection
	GlobalSection(ExtensibilityGlobals) = postSolution
		SolutionGuid = {3134DE83-6B73-42E2-9C88-A4AB7AC2D347}
	EndGlobalSection
EndGlobal
